
Microsoft Visual Studio Solution File, Format Version 12.00
# Visual Studio Version 17
VisualStudioVersion = 17.2.32630.192
MinimumVisualStudioVersion = 10.0.40219.1
Project("{FAE04EC0-301F-11D3-BF4B-00C04F79EFBC}") = "MyCalculator", "MyCalculator\MyCalculator.csproj", "{7AE3F95F-D16F-41F5-8B3F-9FB9EE003C2A}"
EndProject
Global
	GlobalSection(SolutionConfigurationPlatforms) = preSolution
		Debug|Any CPU = Debug|Any CPU
		Release|Any CPU = Release|Any CPU
	EndGlobalSection
	GlobalSection(ProjectConfigurationPlatforms) = postSolution
		{7AE3F95F-D16F-41F5-8B3F-9FB9EE003C2A}.Debug|Any CPU.ActiveCfg = Debug|Any CPU
		{7AE3F95F-D16F-41F5-8B3F-9FB9EE003C2A}.Debug|Any CPU.Build.0 = Debug|Any CPU
		{7AE3F95F-D16F-41F5-8B3F-9FB9EE003C2A}.Release|Any CPU.ActiveCfg = Release|Any CPU
		{7AE3F95F-D16F-41F5-8B3F-9FB9EE003C2A}.Release|Any CPU.Build.0 = Release|Any CPU
	EndGlobalSection
	GlobalSection(SolutionProperties) = preSolution
		HideSolutionNode = FALSE
	EndGlobalSection
	GlobalSection(ExtensibilityGlobals) = postSolution
		SolutionGuid = {6E6C4CFF-937C-4AC2-9345-2CD1E257757D}
	EndGlobalSection
EndGlobal
